PODS:
  - Fakery (3.4.0)
  - RxCocoa (4.5.0):
    - RxSwift (>= 4.4.2, ~> 4.4)
  - RxController (0.1):
    - RxCocoa (~> 4.5)
    - RxFlow (~> 2.1)
    - RxSwift (~> 4.5)
  - RxFlow (2.1.0):
    - RxCocoa (>= 4.5.0)
    - RxSwift (>= 4.5.0)
  - RxSwift (4.5.0)
  - SnapKit (4.2.0)

DEPENDENCIES:
  - Fakery
  - RxController (from `../`)
  - SnapKit

SPEC REPOS:
  https://github.com/cocoapods/specs.git:
    - Fakery
    - RxCocoa
    - RxFlow
    - RxSwift
    - SnapKit

EXTERNAL SOURCES:
  RxController:
    :path: "../"

SPEC CHECKSUMS:
  Fakery: 885e894a3e7c392e1da96c6e46a1abe5a0b28686
  RxCocoa: cbf70265dc65a981d4ac982e513c10cf23df24a0
  RxController: 80c2159b5f97fcc0720b092a010be9f299a60fdc
  RxFlow: 78df76493bd7fc6a0181014cc2be3f29a2cd54fb
  RxSwift: f172070dfd1a93d70a9ab97a5a01166206e1c575
  SnapKit: fe8a619752f3f27075cc9a90244d75c6c3f27e2a

PODFILE CHECKSUM: c93423c14a05f0fe9e6fb2d1a958db6f213292f8

COCOAPODS: 1.6.1
