PODS:
  - Differentiator (4.0.1)
  - Fakery (4.1.1)
  - Reusable (4.1.0):
    - Reusable/Storyboard (= 4.1.0)
    - Reusable/View (= 4.1.0)
  - Reusable/Storyboard (4.1.0)
  - Reusable/View (4.1.0)
  - RxBinding (0.3.1):
    - RxCocoa (~> 5)
    - RxSwift (~> 5)
  - RxCocoa (5.0.0):
    - RxRelay (~> 5)
    - RxSwift (~> 5)
  - RxController (0.8.2):
    - RxCocoa (~> 5)
    - RxFlow (~> 2)
    - RxSwift (~> 5)
  - RxDataSources (4.0.1):
    - Differentiator (~> 4.0)
    - RxCocoa (~> 5.0)
    - RxSwift (~> 5.0)
  - RxDataSourcesSingleSection (0.2.1):
    - Reusable (~> 4)
    - RxCocoa (~> 5)
    - RxDataSources (~> 4)
    - RxSwift (~> 5)
  - RxFlow (2.5.0):
    - RxCocoa (>= 5.0.0)
    - RxSwift (>= 5.0.0)
  - RxRelay (5.0.0):
    - RxSwift (~> 5)
  - RxSwift (5.0.0)
  - SnapKit (5.0.1)

DEPENDENCIES:
  - Fakery
  - RxBinding
  - RxController (from `../`)
  - RxDataSourcesSingleSection
  - SnapKit

SPEC REPOS:
  trunk:
    - Differentiator
    - Fakery
    - Reusable
    - RxBinding
    - RxCocoa
    - RxDataSources
    - RxDataSourcesSingleSection
    - RxFlow
    - RxRelay
    - RxSwift
    - SnapKit

EXTERNAL SOURCES:
  RxController:
    :path: "../"

SPEC CHECKSUMS:
  Differentiator: 886080237d9f87f322641dedbc5be257061b0602
  Fakery: d3380c4aa1efe7631c0831d7e26aa9db4491f014
  Reusable: 82be188f29d96dc5eff0db7b2393bcc08d2cdd5b
  RxBinding: 58be2cf1311165489a66eacb4a3e33932d598a53
  RxCocoa: fcf32050ac00d801f34a7f71d5e8e7f23026dcd8
  RxController: 09893cf31467329e5ae08b6705f6f18988cf546f
  RxDataSources: efee07fa4de48477eca0a4611e6d11e2da9c1114
  RxDataSourcesSingleSection: 4394e57ae097f33e3845cf3a57bdf7826eca2d38
  RxFlow: 1beb3ef121e2c58620fd4f8445c855ca1dbfc8c7
  RxRelay: 4f7409406a51a55cd88483f21ed898c234d60f18
  RxSwift: 8b0671caa829a763bbce7271095859121cbd895f
  SnapKit: 97b92857e3df3a0c71833cce143274bf6ef8e5eb

PODFILE CHECKSUM: 71d0f85c23e546fe2a83be7e433383a1abd1a857

COCOAPODS: 1.8.4
